// !$*UTF8*$!
{
	archiveVersion = 1;
	classes = {
	};
	objectVersion = 46;
	objects = {

/* Begin PBXBuildFile section */
		00C9F0711B081B5500078780 /* AppDelegate.swift in Sources */ = {isa = PBXBuildFile; fileRef = 00C9F0701B081B5500078780 /* AppDelegate.swift */; };
		00C9F0731B081B5500078780 /* ViewController.swift in Sources */ = {isa = PBXBuildFile; fileRef = 00C9F0721B081B5500078780 /* ViewController.swift */; };
		00C9F0761B081B5500078780 /* Main.storyboard in Resources */ = {isa = PBXBuildFile; fileRef = 00C9F0741B081B5500078780 /* Main.storyboard */; };
		00C9F0781B081B5500078780 /* Images.xcassets in Resources */ = {isa = PBXBuildFile; fileRef = 00C9F0771B081B5500078780 /* Images.xcassets */; };
		00C9F07B1B081B5500078780 /* LaunchScreen.xib in Resources */ = {isa = PBXBuildFile; fileRef = 00C9F0791B081B5500078780 /* LaunchScreen.xib */; };
		00C9F0871B081B5500078780 /* QuickMeetingTests.swift in Sources */ = {isa = PBXBuildFile; fileRef = 00C9F0861B081B5500078780 /* QuickMeetingTests.swift */; };
/* End PBXBuildFile section */

/* Begin PBXContainerItemProxy section */
		00C9F0811B081B5500078780 /* PBXContainerItemProxy */ = {
			isa = PBXContainerItemProxy;
			containerPortal = 00C9F0631B081B5500078780 /* Project object */;
			proxyType = 1;
			remoteGlobalIDString = 00C9F06A1B081B5500078780;
			remoteInfo = QuickMeeting;
		};
/* End PBXContainerItemProxy section */

/* Begin PBXFileReference section */
		00C9F06B1B081B5500078780 /* QuickMeeting.app */ = {isa = PBXFileReference; explicitFileType = wrapper.application; includeInIndex = 0; path = QuickMeeting.app; sourceTree = BUILT_PRODUCTS_DIR; };
		00C9F06F1B081B5500078780 /* Info.plist */ = {isa = PBXFileReference; lastKnownFileType = text.plist.xml; path = Info.plist; sourceTree = "<group>"; };
		00C9F0701B081B5500078780 /* AppDelegate.swift */ = {isa = PBXFileReference; lastKnownFileType = sourcecode.swift; path = AppDelegate.swift; sourceTree = "<group>"; };
		00C9F0721B081B5500078780 /* ViewController.swift */ = {isa = PBXFileReference; lastKnownFileType = sourcecode.swift; path = ViewController.swift; sourceTree = "<group>"; };
		00C9F0751B081B5500078780 /* Base */ = {isa = PBXFileReference; lastKnownFileType = file.storyboard; name = Base; path = Base.lproj/Main.storyboard; sourceTree = "<group>"; };
		00C9F0771B081B5500078780 /* Images.xcassets */ = {isa = PBXFileReference; lastKnownFileType = folder.assetcatalog; path = Images.xcassets; sourceTree = "<group>"; };
		00C9F07A1B081B5500078780 /* Base */ = {isa = PBXFileReference; lastKnownFileType = file.xib; name = Base; path = Base.lproj/LaunchScreen.xib; sourceTree = "<group>"; };
		00C9F0801B081B5500078780 /* QuickMeetingTests.xctest */ = {isa = PBXFileReference; explicitFileType = wrapper.cfbundle; includeInIndex = 0; path = QuickMeetingTests.xctest; sourceTree = BUILT_PRODUCTS_DIR; };
		00C9F0851B081B5500078780 /* Info.plist */ = {isa = PBXFileReference; lastKnownFileType = text.plist.xml; path = Info.plist; sourceTree = "<group>"; };
		00C9F0861B081B5500078780 /* QuickMeetingTests.swift */ = {isa = PBXFileReference; lastKnownFileType = sourcecode.swift; path = QuickMeetingTests.swift; sourceTree = "<group>"; };
/* End PBXFileReference section */

/* Begin PBXFrameworksBuildPhase section */
		00C9F0681B081B5500078780 /* Frameworks */ = {
			isa = PBXFrameworksBuildPhase;
			buildActionMask = 2147483647;
			files = (
			);
			runOnlyForDeploymentPostprocessing = 0;
		};
		00C9F07D1B081B5500078780 /* Frameworks */ = {
			isa = PBXFrameworksBuildPhase;
			buildActionMask = 2147483647;
			files = (
			);
			runOnlyForDeploymentPostprocessing = 0;
		};
/* End PBXFrameworksBuildPhase section */

/* Begin PBXGroup section */
		00C9F0621B081B5500078780 = {
			isa = PBXGroup;
			children = (
				00C9F06D1B081B5500078780 /* QuickMeeting */,
				00C9F0831B081B5500078780 /* QuickMeetingTests */,
				00C9F06C1B081B5500078780 /* Products */,
			);
			sourceTree = "<group>";
		};
		00C9F06C1B081B5500078780 /* Products */ = {
			isa = PBXGroup;
			children = (
				00C9F06B1B081B5500078780 /* QuickMeeting.app */,
				00C9F0801B081B5500078780 /* QuickMeetingTests.xctest */,
			);
			name = Products;
			sourceTree = "<group>";
		};
		00C9F06D1B081B5500078780 /* QuickMeeting */ = {
			isa = PBXGroup;
			children = (
				00C9F0701B081B5500078780 /* AppDelegate.swift */,
				00C9F0721B081B5500078780 /* ViewController.swift */,
				00C9F0741B081B5500078780 /* Main.storyboard */,
				00C9F0771B081B5500078780 /* Images.xcassets */,
				00C9F0791B081B5500078780 /* LaunchScreen.xib */,
				00C9F06E1B081B5500078780 /* Supporting Files */,
			);
			path = QuickMeeting;
			sourceTree = "<group>";
		};
		00C9F06E1B081B5500078780 /* Supporting Files */ = {
			isa = PBXGroup;
			children = (
				00C9F06F1B081B5500078780 /* Info.plist */,
			);
			name = "Supporting Files";
			sourceTree = "<group>";
		};
		00C9F0831B081B5500078780 /* QuickMeetingTests */ = {
			isa = PBXGroup;
			children = (
				00C9F0861B081B5500078780 /* QuickMeetingTests.swift */,
				00C9F0841B081B5500078780 /* Supporting Files */,
			);
			path = QuickMeetingTests;
			sourceTree = "<group>";
		};
		00C9F0841B081B5500078780 /* Supporting Files */ = {
			isa = PBXGroup;
			children = (
				00C9F0851B081B5500078780 /* Info.plist */,
			);
			name = "Supporting Files";
			sourceTree = "<group>";
		};
/* End PBXGroup section */

/* Begin PBXNativeTarget section */
		00C9F06A1B081B5500078780 /* QuickMeeting */ = {
			isa = PBXNativeTarget;
			buildConfigurationList = 00C9F08A1B081B5500078780 /* Build configuration list for PBXNativeTarget "QuickMeeting" */;
			buildPhases = (
				00C9F0671B081B5500078780 /* Sources */,
				00C9F0681B081B5500078780 /* Frameworks */,
				00C9F0691B081B5500078780 /* Resources */,
			);
			buildRules = (
			);
			dependencies = (
			);
			name = QuickMeeting;
			productName = QuickMeeting;
			productReference = 00C9F06B1B081B5500078780 /* QuickMeeting.app */;
			productType = "com.apple.product-type.application";
		};
		00C9F07F1B081B5500078780 /* QuickMeetingTests */ = {
			isa = PBXNativeTarget;
			buildConfigurationList = 00C9F08D1B081B5500078780 /* Build configuration list for PBXNativeTarget "QuickMeetingTests" */;
			buildPhases = (
				00C9F07C1B081B5500078780 /* Sources */,
				00C9F07D1B081B5500078780 /* Frameworks */,
				00C9F07E1B081B5500078780 /* Resources */,
			);
			buildRules = (
			);
			dependencies = (
				00C9F0821B081B5500078780 /* PBXTargetDependency */,
			);
			name = QuickMeetingTests;
			productName = QuickMeetingTests;
			productReference = 00C9F0801B081B5500078780 /* QuickMeetingTests.xctest */;
			productType = "com.apple.product-type.bundle.unit-test";
		};
/* End PBXNativeTarget section */

/* Begin PBXProject section */
		00C9F0631B081B5500078780 /* Project object */ = {
			isa = PBXProject;
			attributes = {
				LastUpgradeCheck = 0630;
				ORGANIZATIONNAME = "Justin Sheckler";
				TargetAttributes = {
					00C9F06A1B081B5500078780 = {
						CreatedOnToolsVersion = 6.3.1;
					};
					00C9F07F1B081B5500078780 = {
						CreatedOnToolsVersion = 6.3.1;
						TestTargetID = 00C9F06A1B081B5500078780;
					};
				};
			};
			buildConfigurationList = 00C9F0661B081B5500078780 /* Build configuration list for PBXProject "QuickMeeting" */;
			compatibilityVersion = "Xcode 3.2";
			developmentRegion = English;
			hasScannedForEncodings = 0;
			knownRegions = (
				en,
				Base,
			);
			mainGroup = 00C9F0621B081B5500078780;
			productRefGroup = 00C9F06C1B081B5500078780 /* Products */;
			projectDirPath = "";
			projectRoot = "";
			targets = (
				00C9F06A1B081B5500078780 /* QuickMeeting */,
				00C9F07F1B081B5500078780 /* QuickMeetingTests */,
			);
		};
/* End PBXProject section */

/* Begin PBXResourcesBuildPhase section */
		00C9F0691B081B5500078780 /* Resources */ = {
			isa = PBXResourcesBuildPhase;
			buildActionMask = 2147483647;
			files = (
				00C9F0761B081B5500078780 /* Main.storyboard in Resources */,
				00C9F07B1B081B5500078780 /* LaunchScreen.xib in Resources */,
				00C9F0781B081B5500078780 /* Images.xcassets in Resources */,
			);
			runOnlyForDeploymentPostprocessing = 0;
		};
		00C9F07E1B081B5500078780 /* Resources */ = {
			isa = PBXResourcesBuildPhase;
			buildActionMask = 2147483647;
			files = (
			);
			runOnlyForDeploymentPostprocessing = 0;
		};
/* End PBXResourcesBuildPhase section */

/* Begin PBXSourcesBuildPhase section */
		00C9F0671B081B5500078780 /* Sources */ = {
			isa = PBXSourcesBuildPhase;
			buildActionMask = 2147483647;
			files = (
				00C9F0731B081B5500078780 /* ViewController.swift in Sources */,
				00C9F0711B081B5500078780 /* AppDelegate.swift in Sources */,
			);
			runOnlyForDeploymentPostprocessing = 0;
		};
		00C9F07C1B081B5500078780 /* Sources */ = {
			isa = PBXSourcesBuildPhase;
			buildActionMask = 2147483647;
			files = (
				00C9F0871B081B5500078780 /* QuickMeetingTests.swift in Sources */,
			);
			runOnlyForDeploymentPostprocessing = 0;
		};
/* End PBXSourcesBuildPhase section */

/* Begin PBXTargetDependency section */
		00C9F0821B081B5500078780 /* PBXTargetDependency */ = {
			isa = PBXTargetDependency;
			target = 00C9F06A1B081B5500078780 /* QuickMeeting */;
			targetProxy = 00C9F0811B081B5500078780 /* PBXContainerItemProxy */;
		};
/* End PBXTargetDependency section */

/* Begin PBXVariantGroup section */
		00C9F0741B081B5500078780 /* Main.storyboard */ = {
			isa = PBXVariantGroup;
			children = (
				00C9F0751B081B5500078780 /* Base */,
			);
			name = Main.storyboard;
			sourceTree = "<group>";
		};
		00C9F0791B081B5500078780 /* LaunchScreen.xib */ = {
			isa = PBXVariantGroup;
			children = (
				00C9F07A1B081B5500078780 /* Base */,
			);
			name = LaunchScreen.xib;
			sourceTree = "<group>";
		};
/* End PBXVariantGroup section */

/* Begin XCBuildConfiguration section */
		00C9F0881B081B5500078780 /* Debug */ = {
			isa = XCBuildConfiguration;
			buildSettings = {
				ALWAYS_SEARCH_USER_PATHS = NO;
				CLANG_CXX_LANGUAGE_STANDARD = "gnu++0x";
				CLANG_CXX_LIBRARY = "libc++";
				CLANG_ENABLE_MODULES = YES;
				CLANG_ENABLE_OBJC_ARC = YES;
				CLANG_WARN_BOOL_CONVERSION = YES;
				CLANG_WARN_CONSTANT_CONVERSION = YES;
				CLANG_WARN_DIRECT_OBJC_ISA_USAGE = YES_ERROR;
				CLANG_WARN_EMPTY_BODY = YES;
				CLANG_WARN_ENUM_CONVERSION = YES;
				CLANG_WARN_INT_CONVERSION = YES;
				CLANG_WARN_OBJC_ROOT_CLASS = YES_ERROR;
				CLANG_WARN_UNREACHABLE_CODE = YES;
				CLANG_WARN__DUPLICATE_METHOD_MATCH = YES;
				"CODE_SIGN_IDENTITY[sdk=iphoneos*]" = "iPhone Developer";
				COPY_PHASE_STRIP = NO;
				DEBUG_INFORMATION_FORMAT = "dwarf-with-dsym";
				ENABLE_STRICT_OBJC_MSGSEND = YES;
				GCC_C_LANGUAGE_STANDARD = gnu99;
				GCC_DYNAMIC_NO_PIC = NO;
				GCC_NO_COMMON_BLOCKS = YES;
				GCC_OPTIMIZATION_LEVEL = 0;
				GCC_PREPROCESSOR_DEFINITIONS = (
					"DEBUG=1",
					"$(inherited)",
				);
				GCC_SYMBOLS_PRIVATE_EXTERN = NO;
				GCC_WARN_64_TO_32_BIT_CONVERSION = YES;
				GCC_WARN_ABOUT_RETURN_TYPE = YES_ERROR;
				GCC_WARN_UNDECLARED_SELECTOR = YES;
				GCC_WARN_UNINITIALIZED_AUTOS = YES_AGGRESSIVE;
				GCC_WARN_UNUSED_FUNCTION = YES;
				GCC_WARN_UNUSED_VARIABLE = YES;
				IPHONEOS_DEPLOYMENT_TARGET = 8.3;
				MTL_ENABLE_DEBUG_INFO = YES;
				ONLY_ACTIVE_ARCH = YES;
				SDKROOT = iphoneos;
				SWIFT_OPTIMIZATION_LEVEL = "-Onone";
				TARGETED_DEVICE_FAMILY = "1,2";
			};
			name = Debug;
		};
		00C9F0891B081B5500078780 /* Release */ = {
			isa = XCBuildConfiguration;
			buildSettings = {
				ALWAYS_SEARCH_USER_PATHS = NO;
				CLANG_CXX_LANGUAGE_STANDARD = "gnu++0x";
				CLANG_CXX_LIBRARY = "libc++";
				CLANG_ENABLE_MODULES = YES;
				CLANG_ENABLE_OBJC_ARC = YES;
				CLANG_WARN_BOOL_CONVERSION = YES;
				CLANG_WARN_CONSTANT_CONVERSION = YES;
				CLANG_WARN_DIRECT_OBJC_ISA_USAGE = YES_ERROR;
				CLANG_WARN_EMPTY_BODY = YES;
				CLANG_WARN_ENUM_CONVERSION = YES;
				CLANG_WARN_INT_CONVERSION = YES;
				CLANG_WARN_OBJC_ROOT_CLASS = YES_ERROR;
				CLANG_WARN_UNREACHABLE_CODE = YES;
				CLANG_WARN__DUPLICATE_METHOD_MATCH = YES;
				"CODE_SIGN_IDENTITY[sdk=iphoneos*]" = "iPhone Developer";
				COPY_PHASE_STRIP = NO;
				DEBUG_INFORMATION_FORMAT = "dwarf-with-dsym";
				ENABLE_NS_ASSERTIONS = NO;
				ENABLE_STRICT_OBJC_MSGSEND = YES;
				GCC_C_LANGUAGE_STANDARD = gnu99;
				GCC_NO_COMMON_BLOCKS = YES;
				GCC_WARN_64_TO_32_BIT_CONVERSION = YES;
				GCC_WARN_ABOUT_RETURN_TYPE = YES_ERROR;
				GCC_WARN_UNDECLARED_SELECTOR = YES;
				GCC_WARN_UNINITIALIZED_AUTOS = YES_AGGRESSIVE;
				GCC_WARN_UNUSED_FUNCTION = YES;
				GCC_WARN_UNUSED_VARIABLE = YES;
				IPHONEOS_DEPLOYMENT_TARGET = 8.3;
				MTL_ENABLE_DEBUG_INFO = NO;
				SDKROOT = iphoneos;
				TARGETED_DEVICE_FAMILY = "1,2";
				VALIDATE_PRODUCT = YES;
			};
			name = Release;
		};
		00C9F08B1B081B5500078780 /* Debug */ = {
			isa = XCBuildConfiguration;
			buildSettings = {
				ASSETCATALOG_COMPILER_APPICON_NAME = AppIcon;
				INFOPLIST_FILE = QuickMeeting/Info.plist;
				LD_RUNPATH_SEARCH_PATHS = "$(inherited) @executable_path/Frameworks";
				PRODUCT_NAME = "$(TARGET_NAME)";
			};
			name = Debug;
		};
		00C9F08C1B081B5500078780 /* Release */ = {
			isa = XCBuildConfiguration;
			buildSettings = {
				ASSETCATALOG_COMPILER_APPICON_NAME = AppIcon;
				INFOPLIST_FILE = QuickMeeting/Info.plist;
				LD_RUNPATH_SEARCH_PATHS = "$(inherited) @executable_path/Frameworks";
				PRODUCT_NAME = "$(TARGET_NAME)";
			};
			name = Release;
		};
		00C9F08E1B081B5500078780 /* Debug */ = {
			isa = XCBuildConfiguration;
			buildSettings = {
				BUNDLE_LOADER = "$(TEST_HOST)";
				FRAMEWORK_SEARCH_PATHS = (
					"$(SDKROOT)/Developer/Library/Frameworks",
					"$(inherited)",
				);
				GCC_PREPROCESSOR_DEFINITIONS = (
					"DEBUG=1",
					"$(inherited)",
				);
				INFOPLIST_FILE = QuickMeetingTests/Info.plist;
				LD_RUNPATH_SEARCH_PATHS = "$(inherited) @executable_path/Frameworks @loader_path/Frameworks";
				PRODUCT_NAME = "$(TARGET_NAME)";
				TEST_HOST = "$(BUILT_PRODUCTS_DIR)/QuickMeeting.app/QuickMeeting";
			};
			name = Debug;
		};
		00C9F08F1B081B5500078780 /* Release */ = {
			isa = XCBuildConfiguration;
			buildSettings = {
				BUNDLE_LOADER = "$(TEST_HOST)";
				FRAMEWORK_SEARCH_PATHS = (
					"$(SDKROOT)/Developer/Library/Frameworks",
					"$(inherited)",
				);
				INFOPLIST_FILE = QuickMeetingTests/Info.plist;
				LD_RUNPATH_SEARCH_PATHS = "$(inherited) @executable_path/Frameworks @loader_path/Frameworks";
				PRODUCT_NAME = "$(TARGET_NAME)";
				TEST_HOST = "$(BUILT_PRODUCTS_DIR)/QuickMeeting.app/QuickMeeting";
			};
			name = Release;
		};
/* End XCBuildConfiguration section */

/* Begin XCConfigurationList section */
		00C9F0661B081B5500078780 /* Build configuration list for PBXProject "QuickMeeting" */ = {
			isa = XCConfigurationList;
			buildConfigurations = (
				00C9F0881B081B5500078780 /* Debug */,
				00C9F0891B081B5500078780 /* Release */,
			);
			defaultConfigurationIsVisible = 0;
			defaultConfigurationName = Release;
		};
		00C9F08A1B081B5500078780 /* Build configuration list for PBXNativeTarget "QuickMeeting" */ = {
			isa = XCConfigurationList;
			buildConfigurations = (
				00C9F08B1B081B5500078780 /* Debug */,
				00C9F08C1B081B5500078780 /* Release */,
			);
			defaultConfigurationIsVisible = 0;
		};
		00C9F08D1B081B5500078780 /* Build configuration list for PBXNativeTarget "QuickMeetingTests" */ = {
			isa = XCConfigurationList;
			buildConfigurations = (
				00C9F08E1B081B5500078780 /* Debug */,
				00C9F08F1B081B5500078780 /* Release */,
			);
			defaultConfigurationIsVisible = 0;
		};
/* End XCConfigurationList section */
	};
	rootObject = 00C9F0631B081B5500078780 /* Project object */;
}
